
Microsoft Visual Studio Solution File, Format Version 12.00
# Visual Studio Version 17
VisualStudioVersion = 17.4.33213.308
MinimumVisualStudioVersion = 10.0.40219.1
Project("{FAE04EC0-301F-11D3-BF4B-00C04F79EFBC}") = "MinimalAPI1", "MinimalAPI1\MinimalAPI1.csproj", "{EAD069B1-9721-448B-8B16-94DDBAF934FF}"
EndProject
Global
	GlobalSection(SolutionConfigurationPlatforms) = preSolution
		Debug|Any CPU = Debug|Any CPU
		Release|Any CPU = Release|Any CPU
	EndGlobalSection
	GlobalSection(ProjectConfigurationPlatforms) = postSolution
		{EAD069B1-9721-448B-8B16-94DDBAF934FF}.Debug|Any CPU.ActiveCfg = Debug|Any CPU
		{EAD069B1-9721-448B-8B16-94DDBAF934FF}.Debug|Any CPU.Build.0 = Debug|Any CPU
		{EAD069B1-9721-448B-8B16-94DDBAF934FF}.Release|Any CPU.ActiveCfg = Release|Any CPU
		{EAD069B1-9721-448B-8B16-94DDBAF934FF}.Release|Any CPU.Build.0 = Release|Any CPU
	EndGlobalSection
	GlobalSection(SolutionProperties) = preSolution
		HideSolutionNode = FALSE
	EndGlobalSection
	GlobalSection(ExtensibilityGlobals) = postSolution
		SolutionGuid = {230A704B-E0FD-4BD9-82CE-87FE3D656CD7}
	EndGlobalSection
EndGlobal
